
Microsoft Visual Studio Solution File, Format Version 12.00
# Visual Studio Version 16
VisualStudioVersion = 16.0.30330.147
MinimumVisualStudioVersion = 10.0.40219.1
Project("{FAE04EC0-301F-11D3-BF4B-00C04F79EFBC}") = "SapCo2.Mm", "SapCo2.Mm\SapCo2.Mm.csproj", "{D44AC064-38E6-46D7-8C8A-2B325AC04164}"
EndProject
Global
	GlobalSection(SolutionConfigurationPlatforms) = preSolution
		Debug|Any CPU = Debug|Any CPU
		Release|Any CPU = Release|Any CPU
	EndGlobalSection
	GlobalSection(ProjectConfigurationPlatforms) = postSolution
		{D44AC064-38E6-46D7-8C8A-2B325AC04164}.Debug|Any CPU.ActiveCfg = Debug|Any CPU
		{D44AC064-38E6-46D7-8C8A-2B325AC04164}.Debug|Any CPU.Build.0 = Debug|Any CPU
		{D44AC064-38E6-46D7-8C8A-2B325AC04164}.Release|Any CPU.ActiveCfg = Release|Any CPU
		{D44AC064-38E6-46D7-8C8A-2B325AC04164}.Release|Any CPU.Build.0 = Release|Any CPU
	EndGlobalSection
	GlobalSection(SolutionProperties) = preSolution
		HideSolutionNode = FALSE
	EndGlobalSection
	GlobalSection(ExtensibilityGlobals) = postSolution
		SolutionGuid = {03B4A339-38C9-4CD6-A6EB-64A6F62B654D}
	EndGlobalSection
EndGlobal
